// !$*UTF8*$!
{
	archiveVersion = 1;
	classes = {
	};
	objectVersion = 56;
	objects = {

/* Begin PBXBuildFile section */
		2817C80B2A66BDF1002FF3C0 /* SnowSeekerApp.swift in Sources */ = {isa = PBXBuildFile; fileRef = 2817C80A2A66BDF1002FF3C0 /* SnowSeekerApp.swift */; };
		2817C80D2A66BDF1002FF3C0 /* ContentView.swift in Sources */ = {isa = PBXBuildFile; fileRef = 2817C80C2A66BDF1002FF3C0 /* ContentView.swift */; };
		2817C80F2A66BDF2002FF3C0 /* Assets.xcassets in Resources */ = {isa = PBXBuildFile; fileRef = 2817C80E2A66BDF2002FF3C0 /* Assets.xcassets */; };
		2817C8122A66BDF2002FF3C0 /* Preview Assets.xcassets in Resources */ = {isa = PBXBuildFile; fileRef = 2817C8112A66BDF2002FF3C0 /* Preview Assets.xcassets */; };
		284C40892A66C9FD00FFF729 /* Facility.swift in Sources */ = {isa = PBXBuildFile; fileRef = 284C40882A66C9FD00FFF729 /* Facility.swift */; };
		284C408B2A66CB6D00FFF729 /* Favorites.swift in Sources */ = {isa = PBXBuildFile; fileRef = 284C408A2A66CB6D00FFF729 /* Favorites.swift */; };
		28AA70BE2A66C2C700587F73 /* resorts.json in Resources */ = {isa = PBXBuildFile; fileRef = 28AA70BD2A66C2C700587F73 /* resorts.json */; };
		28AA70C02A66C2F100587F73 /* Resort.swift in Sources */ = {isa = PBXBuildFile; fileRef = 28AA70BF2A66C2F100587F73 /* Resort.swift */; };
		28AA70C22A66C30D00587F73 /* Bundle-Decodable.swift in Sources */ = {isa = PBXBuildFile; fileRef = 28AA70C12A66C30D00587F73 /* Bundle-Decodable.swift */; };
		28AA70C42A66C4EE00587F73 /* WelcomeView.swift in Sources */ = {isa = PBXBuildFile; fileRef = 28AA70C32A66C4EE00587F73 /* WelcomeView.swift */; };
		28AA70C62A66C60800587F73 /* ResortView.swift in Sources */ = {isa = PBXBuildFile; fileRef = 28AA70C52A66C60800587F73 /* ResortView.swift */; };
		28AA70C82A66C65300587F73 /* SkiDetailsView.swift in Sources */ = {isa = PBXBuildFile; fileRef = 28AA70C72A66C65300587F73 /* SkiDetailsView.swift */; };
		28AA70CA2A66C66E00587F73 /* ResortDetailsView.swift in Sources */ = {isa = PBXBuildFile; fileRef = 28AA70C92A66C66E00587F73 /* ResortDetailsView.swift */; };
/* End PBXBuildFile section */

/* Begin PBXFileReference section */
		2817C8072A66BDF1002FF3C0 /* SnowSeeker.app */ = {isa = PBXFileReference; explicitFileType = wrapper.application; includeInIndex = 0; path = SnowSeeker.app; sourceTree = BUILT_PRODUCTS_DIR; };
		2817C80A2A66BDF1002FF3C0 /* SnowSeekerApp.swift */ = {isa = PBXFileReference; lastKnownFileType = sourcecode.swift; path = SnowSeekerApp.swift; sourceTree = "<group>"; };
		2817C80C2A66BDF1002FF3C0 /* ContentView.swift */ = {isa = PBXFileReference; lastKnownFileType = sourcecode.swift; path = ContentView.swift; sourceTree = "<group>"; };
		2817C80E2A66BDF2002FF3C0 /* Assets.xcassets */ = {isa = PBXFileReference; lastKnownFileType = folder.assetcatalog; path = Assets.xcassets; sourceTree = "<group>"; };
		2817C8112A66BDF2002FF3C0 /* Preview Assets.xcassets */ = {isa = PBXFileReference; lastKnownFileType = folder.assetcatalog; path = "Preview Assets.xcassets"; sourceTree = "<group>"; };
		284C40882A66C9FD00FFF729 /* Facility.swift */ = {isa = PBXFileReference; lastKnownFileType = sourcecode.swift; path = Facility.swift; sourceTree = "<group>"; };
		284C408A2A66CB6D00FFF729 /* Favorites.swift */ = {isa = PBXFileReference; lastKnownFileType = sourcecode.swift; path = Favorites.swift; sourceTree = "<group>"; };
		28AA70BD2A66C2C700587F73 /* resorts.json */ = {isa = PBXFileReference; fileEncoding = 4; lastKnownFileType = text.json; path = resorts.json; sourceTree = "<group>"; };
		28AA70BF2A66C2F100587F73 /* Resort.swift */ = {isa = PBXFileReference; lastKnownFileType = sourcecode.swift; path = Resort.swift; sourceTree = "<group>"; };
		28AA70C12A66C30D00587F73 /* Bundle-Decodable.swift */ = {isa = PBXFileReference; lastKnownFileType = sourcecode.swift; path = "Bundle-Decodable.swift"; sourceTree = "<group>"; };
		28AA70C32A66C4EE00587F73 /* WelcomeView.swift */ = {isa = PBXFileReference; lastKnownFileType = sourcecode.swift; path = WelcomeView.swift; sourceTree = "<group>"; };
		28AA70C52A66C60800587F73 /* ResortView.swift */ = {isa = PBXFileReference; lastKnownFileType = sourcecode.swift; path = ResortView.swift; sourceTree = "<group>"; };
		28AA70C72A66C65300587F73 /* SkiDetailsView.swift */ = {isa = PBXFileReference; lastKnownFileType = sourcecode.swift; path = SkiDetailsView.swift; sourceTree = "<group>"; };
		28AA70C92A66C66E00587F73 /* ResortDetailsView.swift */ = {isa = PBXFileReference; lastKnownFileType = sourcecode.swift; path = ResortDetailsView.swift; sourceTree = "<group>"; };
/* End PBXFileReference section */

/* Begin PBXFrameworksBuildPhase section */
		2817C8042A66BDF1002FF3C0 /* Frameworks */ = {
			isa = PBXFrameworksBuildPhase;
			buildActionMask = 2147483647;
			files = (
			);
			runOnlyForDeploymentPostprocessing = 0;
		};
/* End PBXFrameworksBuildPhase section */

/* Begin PBXGroup section */
		2817C7FE2A66BDF1002FF3C0 = {
			isa = PBXGroup;
			children = (
				2817C8092A66BDF1002FF3C0 /* SnowSeeker */,
				2817C8082A66BDF1002FF3C0 /* Products */,
			);
			sourceTree = "<group>";
		};
		2817C8082A66BDF1002FF3C0 /* Products */ = {
			isa = PBXGroup;
			children = (
				2817C8072A66BDF1002FF3C0 /* SnowSeeker.app */,
			);
			name = Products;
			sourceTree = "<group>";
		};
		2817C8092A66BDF1002FF3C0 /* SnowSeeker */ = {
			isa = PBXGroup;
			children = (
				28AA70C12A66C30D00587F73 /* Bundle-Decodable.swift */,
				2817C80C2A66BDF1002FF3C0 /* ContentView.swift */,
				284C40882A66C9FD00FFF729 /* Facility.swift */,
				284C408A2A66CB6D00FFF729 /* Favorites.swift */,
				28AA70BF2A66C2F100587F73 /* Resort.swift */,
				28AA70C52A66C60800587F73 /* ResortView.swift */,
				28AA70C92A66C66E00587F73 /* ResortDetailsView.swift */,
				28AA70C72A66C65300587F73 /* SkiDetailsView.swift */,
				2817C80A2A66BDF1002FF3C0 /* SnowSeekerApp.swift */,
				28AA70C32A66C4EE00587F73 /* WelcomeView.swift */,
				2817C80E2A66BDF2002FF3C0 /* Assets.xcassets */,
				28AA70BD2A66C2C700587F73 /* resorts.json */,
				2817C8102A66BDF2002FF3C0 /* Preview Content */,
			);
			path = SnowSeeker;
			sourceTree = "<group>";
		};
		2817C8102A66BDF2002FF3C0 /* Preview Content */ = {
			isa = PBXGroup;
			children = (
				2817C8112A66BDF2002FF3C0 /* Preview Assets.xcassets */,
			);
			path = "Preview Content";
			sourceTree = "<group>";
		};
/* End PBXGroup section */

/* Begin PBXNativeTarget section */
		2817C8062A66BDF1002FF3C0 /* SnowSeeker */ = {
			isa = PBXNativeTarget;
			buildConfigurationList = 2817C8152A66BDF2002FF3C0 /* Build configuration list for PBXNativeTarget "SnowSeeker" */;
			buildPhases = (
				2817C8032A66BDF1002FF3C0 /* Sources */,
				2817C8042A66BDF1002FF3C0 /* Frameworks */,
				2817C8052A66BDF1002FF3C0 /* Resources */,
			);
			buildRules = (
			);
			dependencies = (
			);
			name = SnowSeeker;
			productName = SnowSeeker;
			productReference = 2817C8072A66BDF1002FF3C0 /* SnowSeeker.app */;
			productType = "com.apple.product-type.application";
		};
/* End PBXNativeTarget section */

/* Begin PBXProject section */
		2817C7FF2A66BDF1002FF3C0 /* Project object */ = {
			isa = PBXProject;
			attributes = {
				BuildIndependentTargetsInParallel = 1;
				LastSwiftUpdateCheck = 1430;
				LastUpgradeCheck = 1430;
				TargetAttributes = {
					2817C8062A66BDF1002FF3C0 = {
						CreatedOnToolsVersion = 14.3.1;
					};
				};
			};
			buildConfigurationList = 2817C8022A66BDF1002FF3C0 /* Build configuration list for PBXProject "SnowSeeker" */;
			compatibilityVersion = "Xcode 14.0";
			developmentRegion = en;
			hasScannedForEncodings = 0;
			knownRegions = (
				en,
				Base,
			);
			mainGroup = 2817C7FE2A66BDF1002FF3C0;
			productRefGroup = 2817C8082A66BDF1002FF3C0 /* Products */;
			projectDirPath = "";
			projectRoot = "";
			targets = (
				2817C8062A66BDF1002FF3C0 /* SnowSeeker */,
			);
		};
/* End PBXProject section */

/* Begin PBXResourcesBuildPhase section */
		2817C8052A66BDF1002FF3C0 /* Resources */ = {
			isa = PBXResourcesBuildPhase;
			buildActionMask = 2147483647;
			files = (
				28AA70BE2A66C2C700587F73 /* resorts.json in Resources */,
				2817C8122A66BDF2002FF3C0 /* Preview Assets.xcassets in Resources */,
				2817C80F2A66BDF2002FF3C0 /* Assets.xcassets in Resources */,
			);
			runOnlyForDeploymentPostprocessing = 0;
		};
/* End PBXResourcesBuildPhase section */

/* Begin PBXSourcesBuildPhase section */
		2817C8032A66BDF1002FF3C0 /* Sources */ = {
			isa = PBXSourcesBuildPhase;
			buildActionMask = 2147483647;
			files = (
				28AA70C42A66C4EE00587F73 /* WelcomeView.swift in Sources */,
				28AA70C82A66C65300587F73 /* SkiDetailsView.swift in Sources */,
				28AA70CA2A66C66E00587F73 /* ResortDetailsView.swift in Sources */,
				284C408B2A66CB6D00FFF729 /* Favorites.swift in Sources */,
				284C40892A66C9FD00FFF729 /* Facility.swift in Sources */,
				2817C80D2A66BDF1002FF3C0 /* ContentView.swift in Sources */,
				28AA70C02A66C2F100587F73 /* Resort.swift in Sources */,
				28AA70C62A66C60800587F73 /* ResortView.swift in Sources */,
				2817C80B2A66BDF1002FF3C0 /* SnowSeekerApp.swift in Sources */,
				28AA70C22A66C30D00587F73 /* Bundle-Decodable.swift in Sources */,
			);
			runOnlyForDeploymentPostprocessing = 0;
		};
/* End PBXSourcesBuildPhase section */

/* Begin XCBuildConfiguration section */
		2817C8132A66BDF2002FF3C0 /* Debug */ = {
			isa = XCBuildConfiguration;
			buildSettings = {
				ALWAYS_SEARCH_USER_PATHS = NO;
				CLANG_ANALYZER_NONNULL = YES;
				CLANG_ANALYZER_NUMBER_OBJECT_CONVERSION = YES_AGGRESSIVE;
				CLANG_CXX_LANGUAGE_STANDARD = "gnu++20";
				CLANG_ENABLE_MODULES = YES;
				CLANG_ENABLE_OBJC_ARC = YES;
				CLANG_ENABLE_OBJC_WEAK = YES;
				CLANG_WARN_BLOCK_CAPTURE_AUTORELEASING = YES;
				CLANG_WARN_BOOL_CONVERSION = YES;
				CLANG_WARN_COMMA = YES;
				CLANG_WARN_CONSTANT_CONVERSION = YES;
				CLANG_WARN_DEPRECATED_OBJC_IMPLEMENTATIONS = YES;
				CLANG_WARN_DIRECT_OBJC_ISA_USAGE = YES_ERROR;
				CLANG_WARN_DOCUMENTATION_COMMENTS = YES;
				CLANG_WARN_EMPTY_BODY = YES;
				CLANG_WARN_ENUM_CONVERSION = YES;
				CLANG_WARN_INFINITE_RECURSION = YES;
				CLANG_WARN_INT_CONVERSION = YES;
				CLANG_WARN_NON_LITERAL_NULL_CONVERSION = YES;
				CLANG_WARN_OBJC_IMPLICIT_RETAIN_SELF = YES;
				CLANG_WARN_OBJC_LITERAL_CONVERSION = YES;
				CLANG_WARN_OBJC_ROOT_CLASS = YES_ERROR;
				CLANG_WARN_QUOTED_INCLUDE_IN_FRAMEWORK_HEADER = YES;
				CLANG_WARN_RANGE_LOOP_ANALYSIS = YES;
				CLANG_WARN_STRICT_PROTOTYPES = YES;
				CLANG_WARN_SUSPICIOUS_MOVE = YES;
				CLANG_WARN_UNGUARDED_AVAILABILITY = YES_AGGRESSIVE;
				CLANG_WARN_UNREACHABLE_CODE = YES;
				CLANG_WARN__DUPLICATE_METHOD_MATCH = YES;
				COPY_PHASE_STRIP = NO;
				DEBUG_INFORMATION_FORMAT = dwarf;
				ENABLE_STRICT_OBJC_MSGSEND = YES;
				ENABLE_TESTABILITY = YES;
				GCC_C_LANGUAGE_STANDARD = gnu11;
				GCC_DYNAMIC_NO_PIC = NO;
				GCC_NO_COMMON_BLOCKS = YES;
				GCC_OPTIMIZATION_LEVEL = 0;
				GCC_PREPROCESSOR_DEFINITIONS = (
					"DEBUG=1",
					"$(inherited)",
				);
				GCC_WARN_64_TO_32_BIT_CONVERSION = YES;
				GCC_WARN_ABOUT_RETURN_TYPE = YES_ERROR;
				GCC_WARN_UNDECLARED_SELECTOR = YES;
				GCC_WARN_UNINITIALIZED_AUTOS = YES_AGGRESSIVE;
				GCC_WARN_UNUSED_FUNCTION = YES;
				GCC_WARN_UNUSED_VARIABLE = YES;
				IPHONEOS_DEPLOYMENT_TARGET = 16.4;
				MTL_ENABLE_DEBUG_INFO = INCLUDE_SOURCE;
				MTL_FAST_MATH = YES;
				ONLY_ACTIVE_ARCH = YES;
				SDKROOT = iphoneos;
				SWIFT_ACTIVE_COMPILATION_CONDITIONS = DEBUG;
				SWIFT_OPTIMIZATION_LEVEL = "-Onone";
			};
			name = Debug;
		};
		2817C8142A66BDF2002FF3C0 /* Release */ = {
			isa = XCBuildConfiguration;
			buildSettings = {
				ALWAYS_SEARCH_USER_PATHS = NO;
				CLANG_ANALYZER_NONNULL = YES;
				CLANG_ANALYZER_NUMBER_OBJECT_CONVERSION = YES_AGGRESSIVE;
				CLANG_CXX_LANGUAGE_STANDARD = "gnu++20";
				CLANG_ENABLE_MODULES = YES;
				CLANG_ENABLE_OBJC_ARC = YES;
				CLANG_ENABLE_OBJC_WEAK = YES;
				CLANG_WARN_BLOCK_CAPTURE_AUTORELEASING = YES;
				CLANG_WARN_BOOL_CONVERSION = YES;
				CLANG_WARN_COMMA = YES;
				CLANG_WARN_CONSTANT_CONVERSION = YES;
				CLANG_WARN_DEPRECATED_OBJC_IMPLEMENTATIONS = YES;
				CLANG_WARN_DIRECT_OBJC_ISA_USAGE = YES_ERROR;
				CLANG_WARN_DOCUMENTATION_COMMENTS = YES;
				CLANG_WARN_EMPTY_BODY = YES;
				CLANG_WARN_ENUM_CONVERSION = YES;
				CLANG_WARN_INFINITE_RECURSION = YES;
				CLANG_WARN_INT_CONVERSION = YES;
				CLANG_WARN_NON_LITERAL_NULL_CONVERSION = YES;
				CLANG_WARN_OBJC_IMPLICIT_RETAIN_SELF = YES;
				CLANG_WARN_OBJC_LITERAL_CONVERSION = YES;
				CLANG_WARN_OBJC_ROOT_CLASS = YES_ERROR;
				CLANG_WARN_QUOTED_INCLUDE_IN_FRAMEWORK_HEADER = YES;
				CLANG_WARN_RANGE_LOOP_ANALYSIS = YES;
				CLANG_WARN_STRICT_PROTOTYPES = YES;
				CLANG_WARN_SUSPICIOUS_MOVE = YES;
				CLANG_WARN_UNGUARDED_AVAILABILITY = YES_AGGRESSIVE;
				CLANG_WARN_UNREACHABLE_CODE = YES;
				CLANG_WARN__DUPLICATE_METHOD_MATCH = YES;
				COPY_PHASE_STRIP = NO;
				DEBUG_INFORMATION_FORMAT = "dwarf-with-dsym";
				ENABLE_NS_ASSERTIONS = NO;
				ENABLE_STRICT_OBJC_MSGSEND = YES;
				GCC_C_LANGUAGE_STANDARD = gnu11;
				GCC_NO_COMMON_BLOCKS = YES;
				GCC_WARN_64_TO_32_BIT_CONVERSION = YES;
				GCC_WARN_ABOUT_RETURN_TYPE = YES_ERROR;
				GCC_WARN_UNDECLARED_SELECTOR = YES;
				GCC_WARN_UNINITIALIZED_AUTOS = YES_AGGRESSIVE;
				GCC_WARN_UNUSED_FUNCTION = YES;
				GCC_WARN_UNUSED_VARIABLE = YES;
				IPHONEOS_DEPLOYMENT_TARGET = 16.4;
				MTL_ENABLE_DEBUG_INFO = NO;
				MTL_FAST_MATH = YES;
				SDKROOT = iphoneos;
				SWIFT_COMPILATION_MODE = wholemodule;
				SWIFT_OPTIMIZATION_LEVEL = "-O";
				VALIDATE_PRODUCT = YES;
			};
			name = Release;
		};
		2817C8162A66BDF2002FF3C0 /* Debug */ = {
			isa = XCBuildConfiguration;
			buildSettings = {
				ASSETCATALOG_COMPILER_APPICON_NAME = AppIcon;
				ASSETCATALOG_COMPILER_GLOBAL_ACCENT_COLOR_NAME = AccentColor;
				CODE_SIGN_STYLE = Automatic;
				CURRENT_PROJECT_VERSION = 1;
				DEVELOPMENT_ASSET_PATHS = "\"SnowSeeker/Preview Content\"";
				DEVELOPMENT_TEAM = EYXP6A5845;
				ENABLE_PREVIEWS = YES;
				GENERATE_INFOPLIST_FILE = YES;
				INFOPLIST_KEY_UIApplicationSceneManifest_Generation = YES;
				INFOPLIST_KEY_UIApplicationSupportsIndirectInputEvents = YES;
				INFOPLIST_KEY_UILaunchScreen_Generation = YES;
				INFOPLIST_KEY_UISupportedInterfaceOrientations_iPad = "UIInterfaceOrientationPortrait UIInterfaceOrientationPortraitUpsideDown UIInterfaceOrientationLandscapeLeft UIInterfaceOrientationLandscapeRight";
				INFOPLIST_KEY_UISupportedInterfaceOrientations_iPhone = "UIInterfaceOrientationPortrait UIInterfaceOrientationLandscapeLeft UIInterfaceOrientationLandscapeRight";
				LD_RUNPATH_SEARCH_PATHS = (
					"$(inherited)",
					"@executable_path/Frameworks",
				);
				MARKETING_VERSION = 1.0;
				PRODUCT_BUNDLE_IDENTIFIER = com.shaunhevey.SnowSeeker;
				PRODUCT_NAME = "$(TARGET_NAME)";
				SWIFT_EMIT_LOC_STRINGS = YES;
				SWIFT_VERSION = 5.0;
				TARGETED_DEVICE_FAMILY = "1,2";
			};
			name = Debug;
		};
		2817C8172A66BDF2002FF3C0 /* Release */ = {
			isa = XCBuildConfiguration;
			buildSettings = {
				ASSETCATALOG_COMPILER_APPICON_NAME = AppIcon;
				ASSETCATALOG_COMPILER_GLOBAL_ACCENT_COLOR_NAME = AccentColor;
				CODE_SIGN_STYLE = Automatic;
				CURRENT_PROJECT_VERSION = 1;
				DEVELOPMENT_ASSET_PATHS = "\"SnowSeeker/Preview Content\"";
				DEVELOPMENT_TEAM = EYXP6A5845;
				ENABLE_PREVIEWS = YES;
				GENERATE_INFOPLIST_FILE = YES;
				INFOPLIST_KEY_UIApplicationSceneManifest_Generation = YES;
				INFOPLIST_KEY_UIApplicationSupportsIndirectInputEvents = YES;
				INFOPLIST_KEY_UILaunchScreen_Generation = YES;
				INFOPLIST_KEY_UISupportedInterfaceOrientations_iPad = "UIInterfaceOrientationPortrait UIInterfaceOrientationPortraitUpsideDown UIInterfaceOrientationLandscapeLeft UIInterfaceOrientationLandscapeRight";
				INFOPLIST_KEY_UISupportedInterfaceOrientations_iPhone = "UIInterfaceOrientationPortrait UIInterfaceOrientationLandscapeLeft UIInterfaceOrientationLandscapeRight";
				LD_RUNPATH_SEARCH_PATHS = (
					"$(inherited)",
					"@executable_path/Frameworks",
				);
				MARKETING_VERSION = 1.0;
				PRODUCT_BUNDLE_IDENTIFIER = com.shaunhevey.SnowSeeker;
				PRODUCT_NAME = "$(TARGET_NAME)";
				SWIFT_EMIT_LOC_STRINGS = YES;
				SWIFT_VERSION = 5.0;
				TARGETED_DEVICE_FAMILY = "1,2";
			};
			name = Release;
		};
/* End XCBuildConfiguration section */

/* Begin XCConfigurationList section */
		2817C8022A66BDF1002FF3C0 /* Build configuration list for PBXProject "SnowSeeker" */ = {
			isa = XCConfigurationList;
			buildConfigurations = (
				2817C8132A66BDF2002FF3C0 /* Debug */,
				2817C8142A66BDF2002FF3C0 /* Release */,
			);
			defaultConfigurationIsVisible = 0;
			defaultConfigurationName = Release;
		};
		2817C8152A66BDF2002FF3C0 /* Build configuration list for PBXNativeTarget "SnowSeeker" */ = {
			isa = XCConfigurationList;
			buildConfigurations = (
				2817C8162A66BDF2002FF3C0 /* Debug */,
				2817C8172A66BDF2002FF3C0 /* Release */,
			);
			defaultConfigurationIsVisible = 0;
			defaultConfigurationName = Release;
		};
/* End XCConfigurationList section */
	};
	rootObject = 2817C7FF2A66BDF1002FF3C0 /* Project object */;
}
